
Microsoft Visual Studio Solution File, Format Version 12.00
# Visual Studio 14
VisualStudioVersion = 14.0.23107.0
MinimumVisualStudioVersion = 10.0.40219.1
Project("{2150E333-8FDC-42A3-9474-1A3956D46DE8}") = "SoftBody", "SoftBody", "{78B77126-4A25-41A2-A35B-1D5945250DD5}"
EndProject
Project("{8BC9CEB8-8B4A-11D0-8D11-00A0C91BC942}") = "SoftBody.Shared", "SoftBody\SoftBody.Shared\SoftBody.Shared.vcxitems", "{E09C3D70-53AB-4321-A22F-CB15467626FD}"
EndProject
Project("{8BC9CEB8-8B4A-11D0-8D11-00A0C91BC942}") = "SoftBody.Windows", "SoftBody\SoftBody.Windows\SoftBody.Windows.vcxproj", "{1C010834-C1C1-422A-AE38-6473CE67C57D}"
EndProject
Project("{8BC9CEB8-8B4A-11D0-8D11-00A0C91BC942}") = "SoftBody.WindowsPhone", "SoftBody\SoftBody.WindowsPhone\SoftBody.WindowsPhone.vcxproj", "{18809385-056B-446D-A412-698FB643023A}"
EndProject
Global
	GlobalSection(SharedMSBuildProjectFiles) = preSolution
		SoftBody\SoftBody.Shared\SoftBody.Shared.vcxitems*{1c010834-c1c1-422a-ae38-6473ce67c57d}*SharedItemsImports = 4
		SoftBody\SoftBody.Shared\SoftBody.Shared.vcxitems*{18809385-056b-446d-a412-698fb643023a}*SharedItemsImports = 4
		SoftBody\SoftBody.Shared\SoftBody.Shared.vcxitems*{e09c3d70-53ab-4321-a22f-cb15467626fd}*SharedItemsImports = 9
	EndGlobalSection
	GlobalSection(SolutionConfigurationPlatforms) = preSolution
		Debug|ARM = Debug|ARM
		Debug|x64 = Debug|x64
		Debug|x86 = Debug|x86
		Release|ARM = Release|ARM
		Release|x64 = Release|x64
		Release|x86 = Release|x86
	EndGlobalSection
	GlobalSection(ProjectConfigurationPlatforms) = postSolution
		{1C010834-C1C1-422A-AE38-6473CE67C57D}.Debug|ARM.ActiveCfg = Debug|ARM
		{1C010834-C1C1-422A-AE38-6473CE67C57D}.Debug|ARM.Build.0 = Debug|ARM
		{1C010834-C1C1-422A-AE38-6473CE67C57D}.Debug|ARM.Deploy.0 = Debug|ARM
		{1C010834-C1C1-422A-AE38-6473CE67C57D}.Debug|x64.ActiveCfg = Debug|x64
		{1C010834-C1C1-422A-AE38-6473CE67C57D}.Debug|x64.Build.0 = Debug|x64
		{1C010834-C1C1-422A-AE38-6473CE67C57D}.Debug|x64.Deploy.0 = Debug|x64
		{1C010834-C1C1-422A-AE38-6473CE67C57D}.Debug|x86.ActiveCfg = Debug|Win32
		{1C010834-C1C1-422A-AE38-6473CE67C57D}.Debug|x86.Build.0 = Debug|Win32
		{1C010834-C1C1-422A-AE38-6473CE67C57D}.Debug|x86.Deploy.0 = Debug|Win32
		{1C010834-C1C1-422A-AE38-6473CE67C57D}.Release|ARM.ActiveCfg = Release|ARM
		{1C010834-C1C1-422A-AE38-6473CE67C57D}.Release|ARM.Build.0 = Release|ARM
		{1C010834-C1C1-422A-AE38-6473CE67C57D}.Release|ARM.Deploy.0 = Release|ARM
		{1C010834-C1C1-422A-AE38-6473CE67C57D}.Release|x64.ActiveCfg = Release|x64
		{1C010834-C1C1-422A-AE38-6473CE67C57D}.Release|x64.Build.0 = Release|x64
		{1C010834-C1C1-422A-AE38-6473CE67C57D}.Release|x64.Deploy.0 = Release|x64
		{1C010834-C1C1-422A-AE38-6473CE67C57D}.Release|x86.ActiveCfg = Release|Win32
		{1C010834-C1C1-422A-AE38-6473CE67C57D}.Release|x86.Build.0 = Release|Win32
		{1C010834-C1C1-422A-AE38-6473CE67C57D}.Release|x86.Deploy.0 = Release|Win32
		{18809385-056B-446D-A412-698FB643023A}.Debug|ARM.ActiveCfg = Debug|ARM
		{18809385-056B-446D-A412-698FB643023A}.Debug|ARM.Build.0 = Debug|ARM
		{18809385-056B-446D-A412-698FB643023A}.Debug|ARM.Deploy.0 = Debug|ARM
		{18809385-056B-446D-A412-698FB643023A}.Debug|x64.ActiveCfg = Debug|Win32
		{18809385-056B-446D-A412-698FB643023A}.Debug|x86.ActiveCfg = Debug|Win32
		{18809385-056B-446D-A412-698FB643023A}.Debug|x86.Build.0 = Debug|Win32
		{18809385-056B-446D-A412-698FB643023A}.Debug|x86.Deploy.0 = Debug|Win32
		{18809385-056B-446D-A412-698FB643023A}.Release|ARM.ActiveCfg = Release|ARM
		{18809385-056B-446D-A412-698FB643023A}.Release|ARM.Build.0 = Release|ARM
		{18809385-056B-446D-A412-698FB643023A}.Release|ARM.Deploy.0 = Release|ARM
		{18809385-056B-446D-A412-698FB643023A}.Release|x64.ActiveCfg = Release|Win32
		{18809385-056B-446D-A412-698FB643023A}.Release|x86.ActiveCfg = Release|Win32
		{18809385-056B-446D-A412-698FB643023A}.Release|x86.Build.0 = Release|Win32
		{18809385-056B-446D-A412-698FB643023A}.Release|x86.Deploy.0 = Release|Win32
	EndGlobalSection
	GlobalSection(SolutionProperties) = preSolution
		HideSolutionNode = FALSE
	EndGlobalSection
	GlobalSection(NestedProjects) = preSolution
		{E09C3D70-53AB-4321-A22F-CB15467626FD} = {78B77126-4A25-41A2-A35B-1D5945250DD5}
		{1C010834-C1C1-422A-AE38-6473CE67C57D} = {78B77126-4A25-41A2-A35B-1D5945250DD5}
		{18809385-056B-446D-A412-698FB643023A} = {78B77126-4A25-41A2-A35B-1D5945250DD5}
	EndGlobalSection
EndGlobal
