
Microsoft Visual Studio Solution File, Format Version 12.00
# Visual Studio Version 16
VisualStudioVersion = 16.0.30907.101
MinimumVisualStudioVersion = 10.0.40219.1
Project("{8BC9CEB8-8B4A-11D0-8D11-00A0C91BC942}") = "Cloth", "Cloth.vcxproj", "{FAA6CB3D-3C2C-4FBF-BE34-D4CD330B8690}"
EndProject
Global
	GlobalSection(SolutionConfigurationPlatforms) = preSolution
		Debug|ARM = Debug|ARM
		Debug|ARM64 = Debug|ARM64
		Debug|x64 = Debug|x64
		Debug|x86 = Debug|x86
		Release|ARM = Release|ARM
		Release|ARM64 = Release|ARM64
		Release|x64 = Release|x64
		Release|x86 = Release|x86
	EndGlobalSection
	GlobalSection(ProjectConfigurationPlatforms) = postSolution
		{FAA6CB3D-3C2C-4FBF-BE34-D4CD330B8690}.Debug|ARM.ActiveCfg = Debug|ARM
		{FAA6CB3D-3C2C-4FBF-BE34-D4CD330B8690}.Debug|ARM.Build.0 = Debug|ARM
		{FAA6CB3D-3C2C-4FBF-BE34-D4CD330B8690}.Debug|ARM.Deploy.0 = Debug|ARM
		{FAA6CB3D-3C2C-4FBF-BE34-D4CD330B8690}.Debug|ARM64.ActiveCfg = Debug|ARM64
		{FAA6CB3D-3C2C-4FBF-BE34-D4CD330B8690}.Debug|ARM64.Build.0 = Debug|ARM64
		{FAA6CB3D-3C2C-4FBF-BE34-D4CD330B8690}.Debug|ARM64.Deploy.0 = Debug|ARM64
		{FAA6CB3D-3C2C-4FBF-BE34-D4CD330B8690}.Debug|x64.ActiveCfg = Debug|x64
		{FAA6CB3D-3C2C-4FBF-BE34-D4CD330B8690}.Debug|x64.Build.0 = Debug|x64
		{FAA6CB3D-3C2C-4FBF-BE34-D4CD330B8690}.Debug|x64.Deploy.0 = Debug|x64
		{FAA6CB3D-3C2C-4FBF-BE34-D4CD330B8690}.Debug|x86.ActiveCfg = Debug|Win32
		{FAA6CB3D-3C2C-4FBF-BE34-D4CD330B8690}.Debug|x86.Build.0 = Debug|Win32
		{FAA6CB3D-3C2C-4FBF-BE34-D4CD330B8690}.Debug|x86.Deploy.0 = Debug|Win32
		{FAA6CB3D-3C2C-4FBF-BE34-D4CD330B8690}.Release|ARM.ActiveCfg = Release|ARM
		{FAA6CB3D-3C2C-4FBF-BE34-D4CD330B8690}.Release|ARM.Build.0 = Release|ARM
		{FAA6CB3D-3C2C-4FBF-BE34-D4CD330B8690}.Release|ARM.Deploy.0 = Release|ARM
		{FAA6CB3D-3C2C-4FBF-BE34-D4CD330B8690}.Release|ARM64.ActiveCfg = Release|ARM64
		{FAA6CB3D-3C2C-4FBF-BE34-D4CD330B8690}.Release|ARM64.Build.0 = Release|ARM64
		{FAA6CB3D-3C2C-4FBF-BE34-D4CD330B8690}.Release|ARM64.Deploy.0 = Release|ARM64
		{FAA6CB3D-3C2C-4FBF-BE34-D4CD330B8690}.Release|x64.ActiveCfg = Release|x64
		{FAA6CB3D-3C2C-4FBF-BE34-D4CD330B8690}.Release|x64.Build.0 = Release|x64
		{FAA6CB3D-3C2C-4FBF-BE34-D4CD330B8690}.Release|x64.Deploy.0 = Release|x64
		{FAA6CB3D-3C2C-4FBF-BE34-D4CD330B8690}.Release|x86.ActiveCfg = Release|Win32
		{FAA6CB3D-3C2C-4FBF-BE34-D4CD330B8690}.Release|x86.Build.0 = Release|Win32
		{FAA6CB3D-3C2C-4FBF-BE34-D4CD330B8690}.Release|x86.Deploy.0 = Release|Win32
	EndGlobalSection
	GlobalSection(SolutionProperties) = preSolution
		HideSolutionNode = FALSE
	EndGlobalSection
	GlobalSection(ExtensibilityGlobals) = postSolution
		SolutionGuid = {F573FC53-8A57-49AE-B9BE-2E94E3F33C5C}
	EndGlobalSection
EndGlobal
